Microsoft Visual Studio Solution File, Format Version 12.00
# Visual Studio Version 17
VisualStudioVersion = 17.5.2.0
MinimumVisualStudioVersion = 10.0.40219.1
Project("{FAE04EC0-301F-11D3-BF4B-00C04F79EFBC}") = "GruppoGiochi", "GruppoGiochi.csproj", "{5A0ADCCC-0CE9-C73D-27DA-C468DF33D4DE}"
EndProject
Global
	GlobalSection(SolutionConfigurationPlatforms) = preSolution
		Debug|Any CPU = Debug|Any CPU
		Release|Any CPU = Release|Any CPU
	EndGlobalSection
	GlobalSection(ProjectConfigurationPlatforms) = postSolution
		{5A0ADCCC-0CE9-C73D-27DA-C468DF33D4DE}.Debug|Any CPU.ActiveCfg = Debug|Any CPU
		{5A0ADCCC-0CE9-C73D-27DA-C468DF33D4DE}.Debug|Any CPU.Build.0 = Debug|Any CPU
		{5A0ADCCC-0CE9-C73D-27DA-C468DF33D4DE}.Release|Any CPU.ActiveCfg = Release|Any CPU
		{5A0ADCCC-0CE9-C73D-27DA-C468DF33D4DE}.Release|Any CPU.Build.0 = Release|Any CPU
	EndGlobalSection
	GlobalSection(SolutionProperties) = preSolution
		HideSolutionNode = FALSE
	EndGlobalSection
	GlobalSection(ExtensibilityGlobals) = postSolution
		SolutionGuid = {78474226-EF46-4A42-8C1C-4DDC3A3E1696}
	EndGlobalSection
EndGlobal
